
Microsoft Visual Studio Solution File, Format Version 12.00
# Visual Studio Version 16
VisualStudioVersion = 16.0.30709.132
MinimumVisualStudioVersion = 10.0.40219.1
Project("{9A19103F-16F7-4668-BE54-9A1E7A4F7556}") = "CustomerService.Api", "CustomerService.Api\CustomerService.Api.csproj", "{D15C54A1-5FA6-4B60-B917-56EB24904EC2}"
EndProject
Project("{2150E333-8FDC-42A3-9474-1A3956D46DE8}") = "Tests", "Tests", "{693947EF-C632-4421-ADA5-AA8CD9A105F7}"
EndProject
Project("{9A19103F-16F7-4668-BE54-9A1E7A4F7556}") = "CustomerService.Repositories", "CustomerService.Repositories\CustomerService.Repositories.csproj", "{F8F2D1D5-3F89-4873-A42A-92D999DFC3C4}"
EndProject
Project("{9A19103F-16F7-4668-BE54-9A1E7A4F7556}") = "CustomerService.Business", "CustomerService.Business\CustomerService.Business.csproj", "{10F72FC8-1ECD-45D2-8C98-C96A1E421F1A}"
EndProject
Project("{9A19103F-16F7-4668-BE54-9A1E7A4F7556}") = "CustomerService.Unit.Tests", "Tests\CustomerService.Unit.Tests\CustomerService.Unit.Tests.csproj", "{C516FF09-385D-4A21-97A8-7B5D26F3A674}"
EndProject
Project("{9A19103F-16F7-4668-BE54-9A1E7A4F7556}") = "CustomerService.Core", "CustomerService.Core\CustomerService.Core.csproj", "{29D08087-C129-4F7E-A026-02B4628CFCF8}"
EndProject
Global
	GlobalSection(SolutionConfigurationPlatforms) = preSolution
		Debug|Any CPU = Debug|Any CPU
		Release|Any CPU = Release|Any CPU
	EndGlobalSection
	GlobalSection(ProjectConfigurationPlatforms) = postSolution
		{D15C54A1-5FA6-4B60-B917-56EB24904EC2}.Debug|Any CPU.ActiveCfg = Debug|Any CPU
		{D15C54A1-5FA6-4B60-B917-56EB24904EC2}.Debug|Any CPU.Build.0 = Debug|Any CPU
		{D15C54A1-5FA6-4B60-B917-56EB24904EC2}.Release|Any CPU.ActiveCfg = Release|Any CPU
		{D15C54A1-5FA6-4B60-B917-56EB24904EC2}.Release|Any CPU.Build.0 = Release|Any CPU
		{F8F2D1D5-3F89-4873-A42A-92D999DFC3C4}.Debug|Any CPU.ActiveCfg = Debug|Any CPU
		{F8F2D1D5-3F89-4873-A42A-92D999DFC3C4}.Debug|Any CPU.Build.0 = Debug|Any CPU
		{F8F2D1D5-3F89-4873-A42A-92D999DFC3C4}.Release|Any CPU.ActiveCfg = Release|Any CPU
		{F8F2D1D5-3F89-4873-A42A-92D999DFC3C4}.Release|Any CPU.Build.0 = Release|Any CPU
		{10F72FC8-1ECD-45D2-8C98-C96A1E421F1A}.Debug|Any CPU.ActiveCfg = Debug|Any CPU
		{10F72FC8-1ECD-45D2-8C98-C96A1E421F1A}.Debug|Any CPU.Build.0 = Debug|Any CPU
		{10F72FC8-1ECD-45D2-8C98-C96A1E421F1A}.Release|Any CPU.ActiveCfg = Release|Any CPU
		{10F72FC8-1ECD-45D2-8C98-C96A1E421F1A}.Release|Any CPU.Build.0 = Release|Any CPU
		{C516FF09-385D-4A21-97A8-7B5D26F3A674}.Debug|Any CPU.ActiveCfg = Debug|Any CPU
		{C516FF09-385D-4A21-97A8-7B5D26F3A674}.Debug|Any CPU.Build.0 = Debug|Any CPU
		{C516FF09-385D-4A21-97A8-7B5D26F3A674}.Release|Any CPU.ActiveCfg = Release|Any CPU
		{C516FF09-385D-4A21-97A8-7B5D26F3A674}.Release|Any CPU.Build.0 = Release|Any CPU
		{29D08087-C129-4F7E-A026-02B4628CFCF8}.Debug|Any CPU.ActiveCfg = Debug|Any CPU
		{29D08087-C129-4F7E-A026-02B4628CFCF8}.Debug|Any CPU.Build.0 = Debug|Any CPU
		{29D08087-C129-4F7E-A026-02B4628CFCF8}.Release|Any CPU.ActiveCfg = Release|Any CPU
		{29D08087-C129-4F7E-A026-02B4628CFCF8}.Release|Any CPU.Build.0 = Release|Any CPU
	EndGlobalSection
	GlobalSection(SolutionProperties) = preSolution
		HideSolutionNode = FALSE
	EndGlobalSection
	GlobalSection(NestedProjects) = preSolution
		{C516FF09-385D-4A21-97A8-7B5D26F3A674} = {693947EF-C632-4421-ADA5-AA8CD9A105F7}
	EndGlobalSection
	GlobalSection(ExtensibilityGlobals) = postSolution
		SolutionGuid = {A5201627-55A2-4C58-9C26-43DFDDD2A750}
	EndGlobalSection
EndGlobal
